<?xml version="1.0" encoding="utf-8"?>
<Project ToolsVersion="4.0" xmlns="http://schemas.microsoft.com/developer/msbuild/2003">
  <ItemGroup>
    <Filter Include="Source Files">
      <UniqueIdentifier>{4FC737F1-C7A5-4376-A066-2A32D752A2FF}</UniqueIdentifier>
      <Extensions>cpp;c;cc;cxx;def;odl;idl;hpj;bat;asm;asmx</Extensions>
    </Filter>
    <Filter Include="Header Files">
      <UniqueIdentifier>{93995380-89BD-4b04-88EB-625FBE52EBFB}</UniqueIdentifier>
      <Extensions>h;hh;hpp;hxx;hm;inl;inc;xsd</Extensions>
    </Filter>
    <Filter Include="Mesh">
      <UniqueIdentifier>{41af6f82-7fcc-498f-b98a-471001714d51}</UniqueIdentifier>
    </Filter>
    <Filter Include="Shaders">
      <UniqueIdentifier>{68099e17-d1a8-4f86-a20b-8bbbb2969d44}</UniqueIdentifier>
    </Filter>
    <Filter Include="Assets">
      <UniqueIdentifier>{54854334-843d-442b-9405-68eb2009fdfe}</UniqueIdentifier>
    </Filter>
  </ItemGroup>
  <ItemGroup>
    <ClCompile Include="main.cpp">
      <Filter>Source Files</Filter>
    </ClCompile>
    <ClCompile Include="world.cpp">
      <Filter>Source Files</Filter>
    </ClCompile>
    <ClCompile Include="SceneGraph\node.cpp">
      <Filter>Source Files</Filter>
    </ClCompile>
    <ClCompile Include="SceneGraph\composite.cpp">
      <Filter>Source Files</Filter>
    </ClCompile>
    <ClCompile Include="SceneGraph\camera.cpp">
      <Filter>Source Files</Filter>
    </ClCompile>
    <ClCompile Include="Math\math3d.cpp">
      <Filter>Source Files</Filter>
    </ClCompile>
    <ClCompile Include="Rendrer\context.cpp">
      <Filter>Source Files</Filter>
    </ClCompile>
    <ClCompile Include="Rendrer\gbuffer.cpp">
      <Filter>Source Files</Filter>
    </ClCompile>
    <ClCompile Include="Engine\rendrer.cpp">
      <Filter>Source Files</Filter>
    </ClCompile>
    <ClCompile Include="Engine\materials.cpp">
      <Filter>Source Files</Filter>
    </ClCompile>
    <ClCompile Include="Engine\mesh.cpp">
      <Filter>Source Files</Filter>
    </ClCompile>
    <ClCompile Include="Engine\model.cpp">
      <Filter>Source Files</Filter>
    </ClCompile>
    <ClCompile Include="util.cpp">
      <Filter>Source Files</Filter>
    </ClCompile>
    <ClCompile Include="SceneGraph\sceneparser.cpp">
      <Filter>Source Files</Filter>
    </ClCompile>
    <ClCompile Include="Engine\GridPoints.cpp">
      <Filter>Source Files</Filter>
    </ClCompile>
    <ClCompile Include="Engine\ProjectedGrid.cpp">
      <Filter>Source Files</Filter>
    </ClCompile>
    <ClCompile Include="Rendrer\base_buffer.cpp">
      <Filter>Source Files</Filter>
    </ClCompile>
    <ClCompile Include="Rendrer\aobuffer.cpp">
      <Filter>Source Files</Filter>
    </ClCompile>
    <ClCompile Include="Engine\Grid.cpp">
      <Filter>Source Files</Filter>
    </ClCompile>
    <ClCompile Include="Engine\asset.cpp">
      <Filter>Source Files</Filter>
    </ClCompile>
    <ClCompile Include="Engine\ShaderItem.cpp">
      <Filter>Source Files</Filter>
    </ClCompile>
    <ClCompile Include="ShaderFu\renderPacket.cpp">
      <Filter>Source Files</Filter>
    </ClCompile>
    <ClCompile Include="Engine\AssetMapClasses\map.cpp">
      <Filter>Source Files</Filter>
    </ClCompile>
    <ClCompile Include="Engine\AssetMapClasses\FBOTexture.cpp">
      <Filter>Source Files</Filter>
    </ClCompile>
    <ClCompile Include="Engine\AssetMapClasses\FileTexture.cpp">
      <Filter>Source Files</Filter>
    </ClCompile>
    <ClCompile Include="Engine\AssetMapClasses\ArrayMap.cpp">
      <Filter>Source Files</Filter>
    </ClCompile>
    <ClCompile Include="ShaderFu\DeferredPipeMother.cpp">
      <Filter>Source Files</Filter>
    </ClCompile>
    <ClCompile Include="ShaderFu\DeferredPackets\ConeLightPacket.cpp">
      <Filter>Source Files</Filter>
    </ClCompile>
    <ClCompile Include="ShaderFu\DeferredPackets\aoPacket.cpp">
      <Filter>Source Files</Filter>
    </ClCompile>
    <ClCompile Include="ShaderFu\DeferredPackets\DirLightPacket.cpp">
      <Filter>Source Files</Filter>
    </ClCompile>
    <ClCompile Include="ShaderFu\DeferredPackets\GeomPacket.cpp">
      <Filter>Source Files</Filter>
    </ClCompile>
    <ClCompile Include="ShaderFu\DeferredPackets\HeightMapPacket.cpp">
      <Filter>Source Files</Filter>
    </ClCompile>
    <ClCompile Include="ShaderFu\DeferredPackets\lightPacket.cpp">
      <Filter>Source Files</Filter>
    </ClCompile>
    <ClCompile Include="ShaderFu\DeferredPackets\NullPacket.cpp">
      <Filter>Source Files</Filter>
    </ClCompile>
    <ClCompile Include="ShaderFu\DeferredPackets\PointLightPacket.cpp">
      <Filter>Source Files</Filter>
    </ClCompile>
    <ClCompile Include="ShaderFu\DeferredPackets\RayMarcher.cpp">
      <Filter>Source Files</Filter>
    </ClCompile>
    <ClCompile Include="tinyxml2.cpp">
      <Filter>Source Files</Filter>
    </ClCompile>
    <ClCompile Include="Productions\WCD_1_HackSpace\WCD_1.cpp">
      <Filter>Source Files</Filter>
    </ClCompile>
  </ItemGroup>
  <ItemGroup>
    <ClInclude Include="bass.h">
      <Filter>Header Files</Filter>
    </ClInclude>
    <ClInclude Include="sync.h">
      <Filter>Header Files</Filter>
    </ClInclude>
    <ClInclude Include="Timer.h">
      <Filter>Header Files</Filter>
    </ClInclude>
    <ClInclude Include="world.h">
      <Filter>Header Files</Filter>
    </ClInclude>
    <ClInclude Include="resource.h">
      <Filter>Header Files</Filter>
    </ClInclude>
    <ClInclude Include="util.h">
      <Filter>Header Files</Filter>
    </ClInclude>
    <ClInclude Include="SceneGraph\node.h">
      <Filter>Header Files</Filter>
    </ClInclude>
    <ClInclude Include="SceneGraph\modelNode.h">
      <Filter>Header Files</Filter>
    </ClInclude>
    <ClInclude Include="SceneGraph\transform.h">
      <Filter>Header Files</Filter>
    </ClInclude>
    <ClInclude Include="SceneGraph\targetNode.h">
      <Filter>Header Files</Filter>
    </ClInclude>
    <ClInclude Include="SceneGraph\composite.h">
      <Filter>Header Files</Filter>
    </ClInclude>
    <ClInclude Include="SceneGraph\camera.h">
      <Filter>Header Files</Filter>
    </ClInclude>
    <ClInclude Include="SceneGraph\assetNode.h">
      <Filter>Header Files</Filter>
    </ClInclude>
    <ClInclude Include="SceneGraph\objTransform.h">
      <Filter>Header Files</Filter>
    </ClInclude>
    <ClInclude Include="Math\vec.h">
      <Filter>Header Files</Filter>
    </ClInclude>
    <ClInclude Include="Math\vec_inline.h">
      <Filter>Header Files</Filter>
    </ClInclude>
    <ClInclude Include="Math\math3d.h">
      <Filter>Header Files</Filter>
    </ClInclude>
    <ClInclude Include="Rendrer\context.h">
      <Filter>Header Files</Filter>
    </ClInclude>
    <ClInclude Include="Rendrer\gbuffer.h">
      <Filter>Header Files</Filter>
    </ClInclude>
    <ClInclude Include="Engine\rendrer.h">
      <Filter>Header Files</Filter>
    </ClInclude>
    <ClInclude Include="Engine\materials.h">
      <Filter>Header Files</Filter>
    </ClInclude>
    <ClInclude Include="Engine\mesh.h">
      <Filter>Header Files</Filter>
    </ClInclude>
    <ClInclude Include="Engine\model.h">
      <Filter>Header Files</Filter>
    </ClInclude>
    <ClInclude Include="Engine\asset.h">
      <Filter>Header Files</Filter>
    </ClInclude>
    <ClInclude Include="Math\matrix.h">
      <Filter>Header Files</Filter>
    </ClInclude>
    <ClInclude Include="SceneGraph\dirLightNode.h">
      <Filter>Header Files</Filter>
    </ClInclude>
    <ClInclude Include="SceneGraph\pointLightNode.h">
      <Filter>Header Files</Filter>
    </ClInclude>
    <ClInclude Include="SceneGraph\lightNode.h">
      <Filter>Header Files</Filter>
    </ClInclude>
    <ClInclude Include="Rendrer\callbacks.h">
      <Filter>Header Files</Filter>
    </ClInclude>
    <ClInclude Include="SceneGraph\sceneparser.h">
      <Filter>Header Files</Filter>
    </ClInclude>
    <ClInclude Include="Engine\GridPoints.h">
      <Filter>Header Files</Filter>
    </ClInclude>
    <ClInclude Include="SceneGraph\gridNode.h">
      <Filter>Header Files</Filter>
    </ClInclude>
    <ClInclude Include="Engine\ProjectedGrid.h">
      <Filter>Header Files</Filter>
    </ClInclude>
    <ClInclude Include="SceneGraph\oceanNode.h">
      <Filter>Header Files</Filter>
    </ClInclude>
    <ClInclude Include="Rendrer\base_buffer.h">
      <Filter>Header Files</Filter>
    </ClInclude>
    <ClInclude Include="Rendrer\aobuffer.h">
      <Filter>Header Files</Filter>
    </ClInclude>
    <ClInclude Include="Engine\Grid.h">
      <Filter>Header Files</Filter>
    </ClInclude>
    <ClInclude Include="FreeImage.h">
      <Filter>Header Files</Filter>
    </ClInclude>
    <ClInclude Include="Engine\ShaderItem.h">
      <Filter>Header Files</Filter>
    </ClInclude>
    <ClInclude Include="Productions\WCD_1_HackSpace\WCD_1.h">
      <Filter>Header Files</Filter>
    </ClInclude>
    <ClInclude Include="ShaderFu\renderPacket.h">
      <Filter>Header Files</Filter>
    </ClInclude>
    <ClInclude Include="Engine\AssetMapClasses\map.h">
      <Filter>Header Files</Filter>
    </ClInclude>
    <ClInclude Include="Engine\AssetMapClasses\FBOTexture.h">
      <Filter>Header Files</Filter>
    </ClInclude>
    <ClInclude Include="Engine\AssetMapClasses\FileTexture.h">
      <Filter>Header Files</Filter>
    </ClInclude>
    <ClInclude Include="Engine\AssetMapClasses\ArrayMap.h">
      <Filter>Header Files</Filter>
    </ClInclude>
    <ClInclude Include="ShaderFu\DeferredPipeMother.h">
      <Filter>Header Files</Filter>
    </ClInclude>
    <ClInclude Include="ShaderFu\DeferredPackets\aoBlurPass.h">
      <Filter>Header Files</Filter>
    </ClInclude>
    <ClInclude Include="ShaderFu\DeferredPackets\ConeLightPacket.h">
      <Filter>Header Files</Filter>
    </ClInclude>
    <ClInclude Include="ShaderFu\DeferredPackets\aoPacket.h">
      <Filter>Header Files</Filter>
    </ClInclude>
    <ClInclude Include="ShaderFu\DeferredPackets\DirLightPacket.h">
      <Filter>Header Files</Filter>
    </ClInclude>
    <ClInclude Include="ShaderFu\DeferredPackets\GeomPacket.h">
      <Filter>Header Files</Filter>
    </ClInclude>
    <ClInclude Include="ShaderFu\DeferredPackets\HeightMapPacket.h">
      <Filter>Header Files</Filter>
    </ClInclude>
    <ClInclude Include="ShaderFu\DeferredPackets\lightPacket.h">
      <Filter>Header Files</Filter>
    </ClInclude>
    <ClInclude Include="ShaderFu\DeferredPackets\NullPacket.h">
      <Filter>Header Files</Filter>
    </ClInclude>
    <ClInclude Include="ShaderFu\DeferredPackets\OceanPacket.h">
      <Filter>Header Files</Filter>
    </ClInclude>
    <ClInclude Include="ShaderFu\DeferredPackets\PointLightPacket.h">
      <Filter>Header Files</Filter>
    </ClInclude>
    <ClInclude Include="ShaderFu\DeferredPackets\RayMarcher.h">
      <Filter>Header Files</Filter>
    </ClInclude>
    <ClInclude Include="tinyxml2.h">
      <Filter>Header Files</Filter>
    </ClInclude>
  </ItemGroup>
  <ItemGroup>
    <None Include="Scene.rocket" />
    <None Include="Productions\WCD_1_HackSpace\ProductionVault\Assets\Stalagmite.mtl" />
    <None Include="Productions\WCD_1_HackSpace\ProductionVault\Assets\Stalagmite.obj" />
    <None Include="Assets\GlobalShaderVault\UberComponents\DeferredMaterialFetch.glsl" />
    <None Include="Assets\GlobalShaderVault\UberComponents\DeferredTextureFetch.glsl" />
    <None Include="Assets\GlobalShaderVault\Deferred\Light\LightPacket_Utility_Pass_Geometry.glsl" />
    <None Include="Assets\GlobalShaderVault\FrameCasting\hg_sdf.glsl" />
    <None Include="AssetDiagram.cd" />
    <None Include="DemoMeisterDiagram.cd" />
  </ItemGroup>
  <ItemGroup>
    <Media Include="AF.mp3" />
  </ItemGroup>
  <ItemGroup>
    <Xml Include="Assets\PipeLineRepo\Deferred\Deferred_GBUFFER_Normal_GeometryPass.xml" />
    <Xml Include="Assets\PipeLineRepo\Deferred\Deferred_GBUFFER_Raymarching_GeometryPass.xml" />
    <Xml Include="Assets\PipeLineRepo\Deferred\Deferred_AOBUFFER_Blur_AOPass.xml" />
    <Xml Include="Assets\PipeLineRepo\Deferred\Deferred_AOBUFFER_SSAO_AOPass.xml" />
    <Xml Include="Assets\PipeLineRepo\Deferred\Deferred_GBUFFER_Dir_LightPass.xml" />
    <Xml Include="Assets\PipeLineRepo\Deferred\Deferred_GBUFFER_Point_LightPass.xml" />
    <Xml Include="Assets\PipeLineRepo\Deferred\Deferred_GBUFFER_Stencil_LightPass.xml" />
    <Xml Include="Assets\GlobalMaterialVault\Stone\Seamless.xml" />
    <Xml Include="Assets\GlobalMaterialVault\Stone\Deferred.xml" />
  </ItemGroup>
</Project>