<?xml version="1.0" encoding="utf-8"?>
<Project ToolsVersion="4.0" xmlns="http://schemas.microsoft.com/developer/msbuild/2003">
  <ItemGroup>
    <Filter Include="Source Files">
      <UniqueIdentifier>{4FC737F1-C7A5-4376-A066-2A32D752A2FF}</UniqueIdentifier>
      <Extensions>cpp;c;cc;cxx;def;odl;idl;hpj;bat;asm;asmx</Extensions>
    </Filter>
    <Filter Include="Header Files">
      <UniqueIdentifier>{93995380-89BD-4b04-88EB-625FBE52EBFB}</UniqueIdentifier>
      <Extensions>h;hh;hpp;hxx;hm;inl;inc;xsd</Extensions>
    </Filter>
    <Filter Include="Resource Files">
      <UniqueIdentifier>{67DA6AB6-F800-4c08-8B7A-83BB121AAD01}</UniqueIdentifier>
      <Extensions>rc;ico;cur;bmp;dlg;rc2;rct;bin;rgs;gif;jpg;jpeg;jpe;resx;tiff;tif;png;wav;mfcribbon-ms</Extensions>
    </Filter>
    <Filter Include="Mesh">
      <UniqueIdentifier>{41af6f82-7fcc-498f-b98a-471001714d51}</UniqueIdentifier>
    </Filter>
    <Filter Include="Shaders">
      <UniqueIdentifier>{68099e17-d1a8-4f86-a20b-8bbbb2969d44}</UniqueIdentifier>
    </Filter>
  </ItemGroup>
  <ItemGroup>
    <ClCompile Include="main.cpp">
      <Filter>Source Files</Filter>
    </ClCompile>
    <ClCompile Include="world.cpp">
      <Filter>Source Files</Filter>
    </ClCompile>
    <ClCompile Include="SceneGraph\node.cpp">
      <Filter>Source Files</Filter>
    </ClCompile>
    <ClCompile Include="SceneGraph\composite.cpp">
      <Filter>Source Files</Filter>
    </ClCompile>
    <ClCompile Include="SceneGraph\camera.cpp">
      <Filter>Source Files</Filter>
    </ClCompile>
    <ClCompile Include="Math\math3d.cpp">
      <Filter>Source Files</Filter>
    </ClCompile>
    <ClCompile Include="Rendrer\context.cpp">
      <Filter>Source Files</Filter>
    </ClCompile>
    <ClCompile Include="Rendrer\gbuffer.cpp">
      <Filter>Source Files</Filter>
    </ClCompile>
    <ClCompile Include="Engine\rendrer.cpp">
      <Filter>Source Files</Filter>
    </ClCompile>
    <ClCompile Include="Engine\materials.cpp">
      <Filter>Source Files</Filter>
    </ClCompile>
    <ClCompile Include="Engine\mesh.cpp">
      <Filter>Source Files</Filter>
    </ClCompile>
    <ClCompile Include="Engine\model.cpp">
      <Filter>Source Files</Filter>
    </ClCompile>
    <ClCompile Include="Effect\GeomPacket.cpp">
      <Filter>Source Files</Filter>
    </ClCompile>
    <ClCompile Include="Effect\renderPacket.cpp">
      <Filter>Source Files</Filter>
    </ClCompile>
    <ClCompile Include="Effect\lightPacket.cpp">
      <Filter>Source Files</Filter>
    </ClCompile>
    <ClCompile Include="Effect\DirLightPacket.cpp">
      <Filter>Source Files</Filter>
    </ClCompile>
    <ClCompile Include="Effect\PointLightPacket.cpp">
      <Filter>Source Files</Filter>
    </ClCompile>
    <ClCompile Include="Effect\NullPacket.cpp">
      <Filter>Source Files</Filter>
    </ClCompile>
    <ClCompile Include="util.cpp">
      <Filter>Source Files</Filter>
    </ClCompile>
    <ClCompile Include="SceneGraph\sceneparser.cpp">
      <Filter>Source Files</Filter>
    </ClCompile>
    <ClCompile Include="SceneGraph\tinyxml2.cpp">
      <Filter>Source Files</Filter>
    </ClCompile>
    <ClCompile Include="Effect\HeightMapPacket.cpp">
      <Filter>Source Files</Filter>
    </ClCompile>
    <ClCompile Include="Engine\GridPoints.cpp">
      <Filter>Source Files</Filter>
    </ClCompile>
    <ClCompile Include="Effect\ConeLightPacket.cpp">
      <Filter>Source Files</Filter>
    </ClCompile>
    <ClCompile Include="Engine\ProjectedGrid.cpp">
      <Filter>Source Files</Filter>
    </ClCompile>
    <ClCompile Include="Effect\aoPacket.cpp">
      <Filter>Source Files</Filter>
    </ClCompile>
    <ClCompile Include="Rendrer\base_buffer.cpp">
      <Filter>Source Files</Filter>
    </ClCompile>
    <ClCompile Include="Rendrer\aobuffer.cpp">
      <Filter>Source Files</Filter>
    </ClCompile>
    <ClCompile Include="Engine\Grid.cpp">
      <Filter>Source Files</Filter>
    </ClCompile>
    <ClCompile Include="Effect\RayMarcher.cpp">
      <Filter>Source Files</Filter>
    </ClCompile>
    <ClCompile Include="Engine\map.cpp">
      <Filter>Source Files</Filter>
    </ClCompile>
    <ClCompile Include="Engine\asset.cpp">
      <Filter>Source Files</Filter>
    </ClCompile>
    <ClCompile Include="Engine\FileTexture.cpp">
      <Filter>Source Files</Filter>
    </ClCompile>
    <ClCompile Include="Engine\FBOTexture.cpp">
      <Filter>Source Files</Filter>
    </ClCompile>
  </ItemGroup>
  <ItemGroup>
    <ClInclude Include="bass.h">
      <Filter>Header Files</Filter>
    </ClInclude>
    <ClInclude Include="sync.h">
      <Filter>Header Files</Filter>
    </ClInclude>
    <ClInclude Include="Timer.h">
      <Filter>Header Files</Filter>
    </ClInclude>
    <ClInclude Include="world.h">
      <Filter>Header Files</Filter>
    </ClInclude>
    <ClInclude Include="resource.h">
      <Filter>Header Files</Filter>
    </ClInclude>
    <ClInclude Include="util.h">
      <Filter>Header Files</Filter>
    </ClInclude>
    <ClInclude Include="SceneGraph\node.h">
      <Filter>Header Files</Filter>
    </ClInclude>
    <ClInclude Include="SceneGraph\modelNode.h">
      <Filter>Header Files</Filter>
    </ClInclude>
    <ClInclude Include="SceneGraph\transform.h">
      <Filter>Header Files</Filter>
    </ClInclude>
    <ClInclude Include="SceneGraph\targetNode.h">
      <Filter>Header Files</Filter>
    </ClInclude>
    <ClInclude Include="SceneGraph\composite.h">
      <Filter>Header Files</Filter>
    </ClInclude>
    <ClInclude Include="SceneGraph\camera.h">
      <Filter>Header Files</Filter>
    </ClInclude>
    <ClInclude Include="SceneGraph\assetNode.h">
      <Filter>Header Files</Filter>
    </ClInclude>
    <ClInclude Include="SceneGraph\objTransform.h">
      <Filter>Header Files</Filter>
    </ClInclude>
    <ClInclude Include="Math\vec.h">
      <Filter>Header Files</Filter>
    </ClInclude>
    <ClInclude Include="Math\vec_inline.h">
      <Filter>Header Files</Filter>
    </ClInclude>
    <ClInclude Include="Math\math3d.h">
      <Filter>Header Files</Filter>
    </ClInclude>
    <ClInclude Include="Rendrer\context.h">
      <Filter>Header Files</Filter>
    </ClInclude>
    <ClInclude Include="Rendrer\gbuffer.h">
      <Filter>Header Files</Filter>
    </ClInclude>
    <ClInclude Include="Engine\rendrer.h">
      <Filter>Header Files</Filter>
    </ClInclude>
    <ClInclude Include="Engine\materials.h">
      <Filter>Header Files</Filter>
    </ClInclude>
    <ClInclude Include="Engine\mesh.h">
      <Filter>Header Files</Filter>
    </ClInclude>
    <ClInclude Include="Engine\model.h">
      <Filter>Header Files</Filter>
    </ClInclude>
    <ClInclude Include="Engine\asset.h">
      <Filter>Header Files</Filter>
    </ClInclude>
    <ClInclude Include="Effect\GeomPacket.h">
      <Filter>Header Files</Filter>
    </ClInclude>
    <ClInclude Include="Effect\renderPacket.h">
      <Filter>Header Files</Filter>
    </ClInclude>
    <ClInclude Include="Math\matrix.h">
      <Filter>Header Files</Filter>
    </ClInclude>
    <ClInclude Include="Effect\lightPacket.h">
      <Filter>Header Files</Filter>
    </ClInclude>
    <ClInclude Include="Effect\DirLightPacket.h">
      <Filter>Header Files</Filter>
    </ClInclude>
    <ClInclude Include="Effect\PointLightPacket.h">
      <Filter>Header Files</Filter>
    </ClInclude>
    <ClInclude Include="Effect\NullPacket.h">
      <Filter>Header Files</Filter>
    </ClInclude>
    <ClInclude Include="SceneGraph\dirLightNode.h">
      <Filter>Header Files</Filter>
    </ClInclude>
    <ClInclude Include="SceneGraph\pointLightNode.h">
      <Filter>Header Files</Filter>
    </ClInclude>
    <ClInclude Include="SceneGraph\lightNode.h">
      <Filter>Header Files</Filter>
    </ClInclude>
    <ClInclude Include="Rendrer\callbacks.h">
      <Filter>Header Files</Filter>
    </ClInclude>
    <ClInclude Include="SceneGraph\sceneparser.h">
      <Filter>Header Files</Filter>
    </ClInclude>
    <ClInclude Include="SceneGraph\tinyxml2.h">
      <Filter>Header Files</Filter>
    </ClInclude>
    <ClInclude Include="Effect\HeightMapPacket.h">
      <Filter>Header Files</Filter>
    </ClInclude>
    <ClInclude Include="Engine\GridPoints.h">
      <Filter>Header Files</Filter>
    </ClInclude>
    <ClInclude Include="SceneGraph\gridNode.h">
      <Filter>Header Files</Filter>
    </ClInclude>
    <ClInclude Include="Effect\ConeLightPacket.h">
      <Filter>Header Files</Filter>
    </ClInclude>
    <ClInclude Include="Engine\ProjectedGrid.h">
      <Filter>Header Files</Filter>
    </ClInclude>
    <ClInclude Include="Effect\OceanPacket.h">
      <Filter>Header Files</Filter>
    </ClInclude>
    <ClInclude Include="SceneGraph\oceanNode.h">
      <Filter>Header Files</Filter>
    </ClInclude>
    <ClInclude Include="Effect\aoPacket.h">
      <Filter>Header Files</Filter>
    </ClInclude>
    <ClInclude Include="Effect\aoBlurPass.h">
      <Filter>Header Files</Filter>
    </ClInclude>
    <ClInclude Include="Rendrer\base_buffer.h">
      <Filter>Header Files</Filter>
    </ClInclude>
    <ClInclude Include="Rendrer\aobuffer.h">
      <Filter>Header Files</Filter>
    </ClInclude>
    <ClInclude Include="Engine\Grid.h">
      <Filter>Header Files</Filter>
    </ClInclude>
    <ClInclude Include="Effect\RayMarcher.h">
      <Filter>Header Files</Filter>
    </ClInclude>
    <ClInclude Include="Worlds\MasterWorld.h">
      <Filter>Header Files</Filter>
    </ClInclude>
    <ClInclude Include="Engine\map.h">
      <Filter>Header Files</Filter>
    </ClInclude>
    <ClInclude Include="FreeImage.h">
      <Filter>Header Files</Filter>
    </ClInclude>
    <ClInclude Include="Engine\FileTexture.h">
      <Filter>Header Files</Filter>
    </ClInclude>
    <ClInclude Include="Engine\FBOTexture.h">
      <Filter>Header Files</Filter>
    </ClInclude>
  </ItemGroup>
  <ItemGroup>
    <None Include="Mesh\38p.mtl">
      <Filter>Resource Files</Filter>
    </None>
    <None Include="Mesh\38ps.mtl">
      <Filter>Resource Files</Filter>
    </None>
    <None Include="Mesh\bench.mtl">
      <Filter>Resource Files</Filter>
    </None>
    <None Include="Mesh\corridor.mtl">
      <Filter>Resource Files</Filter>
    </None>
    <None Include="Mesh\corridor_Scene.mtl">
      <Filter>Resource Files</Filter>
    </None>
    <None Include="Mesh\corridor_Scene_Scene.mtl">
      <Filter>Resource Files</Filter>
    </None>
    <None Include="Mesh\cube_texture.mtl">
      <Filter>Resource Files</Filter>
    </None>
    <None Include="Mesh\cube_texture2.mtl">
      <Filter>Resource Files</Filter>
    </None>
    <None Include="Mesh\hex.mtl">
      <Filter>Resource Files</Filter>
    </None>
    <None Include="Mesh\p38.mtl">
      <Filter>Resource Files</Filter>
    </None>
    <None Include="Mesh\p38.obj.bac">
      <Filter>Resource Files</Filter>
    </None>
    <None Include="bf.ogg">
      <Filter>Resource Files</Filter>
    </None>
    <None Include="Mesh\teapot.FBX" />
    <None Include="Shaders\geometry_grid_pass.vs" />
    <None Include="Shaders\geometry_grid_pass.gs" />
    <None Include="Mesh\PentagonArm.mtl" />
    <None Include="Mesh\PentagonBase.mtl" />
    <None Include="Shaders\geometry_grid_pass.fs" />
    <None Include="Scene.rocket" />
    <None Include="Mesh\LazyGreets.mtl" />
    <None Include="Shaders\ao_Pass_Frag.glsl" />
    <None Include="Shaders\IdentityPacket.vert" />
    <None Include="Shaders\RayMarcher_Frag.glsl" />
    <None Include="Shaders\RayMarcher_vert.glsl" />
  </ItemGroup>
  <ItemGroup>
    <Object Include="Mesh\38p.obj">
      <Filter>Resource Files</Filter>
    </Object>
    <Object Include="Mesh\38ps.obj">
      <Filter>Resource Files</Filter>
    </Object>
    <Object Include="Mesh\bench.obj">
      <Filter>Resource Files</Filter>
    </Object>
    <Object Include="Mesh\cor.obj">
      <Filter>Resource Files</Filter>
    </Object>
    <Object Include="Mesh\cornomtl.obj">
      <Filter>Resource Files</Filter>
    </Object>
    <Object Include="Mesh\cornor.obj">
      <Filter>Resource Files</Filter>
    </Object>
    <Object Include="Mesh\corridor.obj">
      <Filter>Resource Files</Filter>
    </Object>
    <Object Include="Mesh\corridor_Scene.obj">
      <Filter>Resource Files</Filter>
    </Object>
    <Object Include="Mesh\corridor_Scene_Scene.obj">
      <Filter>Resource Files</Filter>
    </Object>
    <Object Include="Mesh\cube.obj">
      <Filter>Resource Files</Filter>
    </Object>
    <Object Include="Mesh\cube_texture.obj">
      <Filter>Resource Files</Filter>
    </Object>
    <Object Include="Mesh\cube_texture2.obj">
      <Filter>Resource Files</Filter>
    </Object>
    <Object Include="Mesh\hex.obj">
      <Filter>Resource Files</Filter>
    </Object>
    <Object Include="Mesh\hexagon.obj">
      <Filter>Resource Files</Filter>
    </Object>
    <Object Include="Mesh\humanoid_tri.obj">
      <Filter>Resource Files</Filter>
    </Object>
    <Object Include="Mesh\p38.obj">
      <Filter>Resource Files</Filter>
    </Object>
    <Object Include="Mesh\pyramid.obj">
      <Filter>Resource Files</Filter>
    </Object>
    <Object Include="Mesh\sd.obj">
      <Filter>Resource Files</Filter>
    </Object>
    <Object Include="Mesh\tea.obj">
      <Filter>Resource Files</Filter>
    </Object>
    <Object Include="Mesh\tea2.obj">
      <Filter>Resource Files</Filter>
    </Object>
    <Object Include="Mesh\teapot.obj">
      <Filter>Resource Files</Filter>
    </Object>
    <Object Include="Mesh\PentagonArm.obj" />
  </ItemGroup>
  <ItemGroup>
    <Media Include="bf.mp3">
      <Filter>Resource Files</Filter>
    </Media>
    <Media Include="AF.mp3" />
    <Media Include="Mesh\LazyGreets.obj" />
  </ItemGroup>
  <ItemGroup>
    <Text Include="Mesh\p38.obj.bac.txt">
      <Filter>Resource Files</Filter>
    </Text>
  </ItemGroup>
  <ItemGroup>
    <ResourceCompile Include="Demoscene.rc">
      <Filter>Resource Files</Filter>
    </ResourceCompile>
  </ItemGroup>
  <ItemGroup>
    <Image Include="Mesh\texture.bmp">
      <Filter>Resource Files</Filter>
    </Image>
    <Image Include="Mesh\texture2.bmp">
      <Filter>Resource Files</Filter>
    </Image>
  </ItemGroup>
  <ItemGroup>
    <Resource Include="Mesh\PentagonBase.obj" />
  </ItemGroup>
  <ItemGroup>
    <Xml Include="Asset\EffectRepo\Deferred_Geometry_Pass.xml" />
    <Xml Include="Asset\EffectRepo\Deferred_Raymarching_Geometry_Pass.xml" />
  </ItemGroup>
</Project>